
Microsoft Visual Studio Solution File, Format Version 12.00
# Visual Studio 14
VisualStudioVersion = 14.0.25123.0
MinimumVisualStudioVersion = 10.0.40219.1
Project("{FAE04EC0-301F-11D3-BF4B-00C04F79EFBC}") = "Sharp9P", "Sharp9P\Sharp9P.csproj", "{12DD4614-0F72-4DEB-A9D1-37D825B9A07B}"
EndProject
Project("{FAE04EC0-301F-11D3-BF4B-00C04F79EFBC}") = "Sharp9P.Test", "Sharp9P.Test\Sharp9P.Test.csproj", "{EFD6AAAB-707C-437C-B5F3-59990276D7A3}"
EndProject
Project("{FAE04EC0-301F-11D3-BF4B-00C04F79EFBC}") = "Datakit", "Datakit\Datakit.csproj", "{58F47959-A6E8-4433-A94A-61DBCC01A1E8}"
EndProject
Project("{FAE04EC0-301F-11D3-BF4B-00C04F79EFBC}") = "Datakit.Tests", "Datakit.Tests\Datakit.Tests.csproj", "{C74A80CD-639D-4BA1-9709-696001B34801}"
EndProject
Global
	GlobalSection(SolutionConfigurationPlatforms) = preSolution
		Debug|Any CPU = Debug|Any CPU
		Release|Any CPU = Release|Any CPU
	EndGlobalSection
	GlobalSection(ProjectConfigurationPlatforms) = postSolution
		{12DD4614-0F72-4DEB-A9D1-37D825B9A07B}.Debug|Any CPU.ActiveCfg = Debug|Any CPU
		{12DD4614-0F72-4DEB-A9D1-37D825B9A07B}.Debug|Any CPU.Build.0 = Debug|Any CPU
		{12DD4614-0F72-4DEB-A9D1-37D825B9A07B}.Release|Any CPU.ActiveCfg = Release|Any CPU
		{12DD4614-0F72-4DEB-A9D1-37D825B9A07B}.Release|Any CPU.Build.0 = Release|Any CPU
		{EFD6AAAB-707C-437C-B5F3-59990276D7A3}.Debug|Any CPU.ActiveCfg = Debug|Any CPU
		{EFD6AAAB-707C-437C-B5F3-59990276D7A3}.Debug|Any CPU.Build.0 = Debug|Any CPU
		{EFD6AAAB-707C-437C-B5F3-59990276D7A3}.Release|Any CPU.ActiveCfg = Release|Any CPU
		{EFD6AAAB-707C-437C-B5F3-59990276D7A3}.Release|Any CPU.Build.0 = Release|Any CPU
		{58F47959-A6E8-4433-A94A-61DBCC01A1E8}.Debug|Any CPU.ActiveCfg = Debug|Any CPU
		{58F47959-A6E8-4433-A94A-61DBCC01A1E8}.Debug|Any CPU.Build.0 = Debug|Any CPU
		{58F47959-A6E8-4433-A94A-61DBCC01A1E8}.Release|Any CPU.ActiveCfg = Release|Any CPU
		{58F47959-A6E8-4433-A94A-61DBCC01A1E8}.Release|Any CPU.Build.0 = Release|Any CPU
		{C74A80CD-639D-4BA1-9709-696001B34801}.Debug|Any CPU.ActiveCfg = Debug|Any CPU
		{C74A80CD-639D-4BA1-9709-696001B34801}.Debug|Any CPU.Build.0 = Debug|Any CPU
		{C74A80CD-639D-4BA1-9709-696001B34801}.Release|Any CPU.ActiveCfg = Release|Any CPU
		{C74A80CD-639D-4BA1-9709-696001B34801}.Release|Any CPU.Build.0 = Release|Any CPU
	EndGlobalSection
	GlobalSection(SolutionProperties) = preSolution
		HideSolutionNode = FALSE
	EndGlobalSection
EndGlobal
